// !$*UTF8*$!
{
	archiveVersion = 1;
	classes = {
	};
	objectVersion = 56;
	objects = {

/* Begin PBXBuildFile section */
		EDF11F972BAB755900554B42 /* TestWeatherApp.swift in Sources */ = {isa = PBXBuildFile; fileRef = EDF11F962BAB755900554B42 /* TestWeatherApp.swift */; };
		EDF11F9B2BAB755D00554B42 /* Assets.xcassets in Resources */ = {isa = PBXBuildFile; fileRef = EDF11F9A2BAB755D00554B42 /* Assets.xcassets */; };
		EDF11F9E2BAB755D00554B42 /* Preview Assets.xcassets in Resources */ = {isa = PBXBuildFile; fileRef = EDF11F9D2BAB755D00554B42 /* Preview Assets.xcassets */; };
		EDF11FA62BAB768700554B42 /* StartView.swift in Sources */ = {isa = PBXBuildFile; fileRef = EDF11FA52BAB768700554B42 /* StartView.swift */; };
		EDF11FA82BAB76A800554B42 /* StartViewModel.swift in Sources */ = {isa = PBXBuildFile; fileRef = EDF11FA72BAB76A800554B42 /* StartViewModel.swift */; };
		EDF11FAD2BAB7D8E00554B42 /* Constants.swift in Sources */ = {isa = PBXBuildFile; fileRef = EDF11FAC2BAB7D8E00554B42 /* Constants.swift */; };
		EDF11FAF2BAB7F5100554B42 /* LocationSearcher.swift in Sources */ = {isa = PBXBuildFile; fileRef = EDF11FAE2BAB7F5100554B42 /* LocationSearcher.swift */; };
		EDF11FB22BAB817400554B42 /* GenericAPI.swift in Sources */ = {isa = PBXBuildFile; fileRef = EDF11FB12BAB817400554B42 /* GenericAPI.swift */; };
		EDF11FB42BAB819A00554B42 /* APIError.swift in Sources */ = {isa = PBXBuildFile; fileRef = EDF11FB32BAB819A00554B42 /* APIError.swift */; };
		EDF11FB62BAB820800554B42 /* Fetcher.swift in Sources */ = {isa = PBXBuildFile; fileRef = EDF11FB52BAB820800554B42 /* Fetcher.swift */; };
		EDF11FB82BAB836500554B42 /* Location.swift in Sources */ = {isa = PBXBuildFile; fileRef = EDF11FB72BAB836500554B42 /* Location.swift */; };
		EDF11FBB2BAB8C3400554B42 /* LoadingView.swift in Sources */ = {isa = PBXBuildFile; fileRef = EDF11FBA2BAB8C3400554B42 /* LoadingView.swift */; };
		EDF11FBF2BABB4AA00554B42 /* WeatherFetcher.swift in Sources */ = {isa = PBXBuildFile; fileRef = EDF11FBE2BABB4AA00554B42 /* WeatherFetcher.swift */; };
		EDF11FC12BABB50A00554B42 /* WeatherData.swift in Sources */ = {isa = PBXBuildFile; fileRef = EDF11FC02BABB50A00554B42 /* WeatherData.swift */; };
		EDF11FC32BABC14900554B42 /* DetailsView.swift in Sources */ = {isa = PBXBuildFile; fileRef = EDF11FC22BABC14900554B42 /* DetailsView.swift */; };
		EDF11FC52BABC15B00554B42 /* DetailsViewModel.swift in Sources */ = {isa = PBXBuildFile; fileRef = EDF11FC42BABC15B00554B42 /* DetailsViewModel.swift */; };
		EDF11FC72BABC74C00554B42 /* WeatherDescriptionView.swift in Sources */ = {isa = PBXBuildFile; fileRef = EDF11FC62BABC74C00554B42 /* WeatherDescriptionView.swift */; };
		EDF11FCA2BABE7F400554B42 /* AppContext.swift in Sources */ = {isa = PBXBuildFile; fileRef = EDF11FC92BABE7F400554B42 /* AppContext.swift */; };
		EDF11FCC2BABE8FE00554B42 /* StartViewModel+Composition.swift in Sources */ = {isa = PBXBuildFile; fileRef = EDF11FCB2BABE8FE00554B42 /* StartViewModel+Composition.swift */; };
		EDF11FCE2BABEAF100554B42 /* DetailsViewModel+Composition.swift in Sources */ = {isa = PBXBuildFile; fileRef = EDF11FCD2BABEAF100554B42 /* DetailsViewModel+Composition.swift */; };
/* End PBXBuildFile section */

/* Begin PBXFileReference section */
		EDF11F932BAB755900554B42 /* TestWeather.app */ = {isa = PBXFileReference; explicitFileType = wrapper.application; includeInIndex = 0; path = TestWeather.app; sourceTree = BUILT_PRODUCTS_DIR; };
		EDF11F962BAB755900554B42 /* TestWeatherApp.swift */ = {isa = PBXFileReference; lastKnownFileType = sourcecode.swift; path = TestWeatherApp.swift; sourceTree = "<group>"; };
		EDF11F9A2BAB755D00554B42 /* Assets.xcassets */ = {isa = PBXFileReference; lastKnownFileType = folder.assetcatalog; path = Assets.xcassets; sourceTree = "<group>"; };
		EDF11F9D2BAB755D00554B42 /* Preview Assets.xcassets */ = {isa = PBXFileReference; lastKnownFileType = folder.assetcatalog; path = "Preview Assets.xcassets"; sourceTree = "<group>"; };
		EDF11FA52BAB768700554B42 /* StartView.swift */ = {isa = PBXFileReference; lastKnownFileType = sourcecode.swift; path = StartView.swift; sourceTree = "<group>"; };
		EDF11FA72BAB76A800554B42 /* StartViewModel.swift */ = {isa = PBXFileReference; lastKnownFileType = sourcecode.swift; path = StartViewModel.swift; sourceTree = "<group>"; };
		EDF11FAC2BAB7D8E00554B42 /* Constants.swift */ = {isa = PBXFileReference; lastKnownFileType = sourcecode.swift; path = Constants.swift; sourceTree = "<group>"; };
		EDF11FAE2BAB7F5100554B42 /* LocationSearcher.swift */ = {isa = PBXFileReference; lastKnownFileType = sourcecode.swift; path = LocationSearcher.swift; sourceTree = "<group>"; };
		EDF11FB12BAB817400554B42 /* GenericAPI.swift */ = {isa = PBXFileReference; lastKnownFileType = sourcecode.swift; path = GenericAPI.swift; sourceTree = "<group>"; };
		EDF11FB32BAB819A00554B42 /* APIError.swift */ = {isa = PBXFileReference; lastKnownFileType = sourcecode.swift; path = APIError.swift; sourceTree = "<group>"; };
		EDF11FB52BAB820800554B42 /* Fetcher.swift */ = {isa = PBXFileReference; lastKnownFileType = sourcecode.swift; path = Fetcher.swift; sourceTree = "<group>"; };
		EDF11FB72BAB836500554B42 /* Location.swift */ = {isa = PBXFileReference; lastKnownFileType = sourcecode.swift; path = Location.swift; sourceTree = "<group>"; };
		EDF11FBA2BAB8C3400554B42 /* LoadingView.swift */ = {isa = PBXFileReference; lastKnownFileType = sourcecode.swift; path = LoadingView.swift; sourceTree = "<group>"; };
		EDF11FBE2BABB4AA00554B42 /* WeatherFetcher.swift */ = {isa = PBXFileReference; lastKnownFileType = sourcecode.swift; path = WeatherFetcher.swift; sourceTree = "<group>"; };
		EDF11FC02BABB50A00554B42 /* WeatherData.swift */ = {isa = PBXFileReference; lastKnownFileType = sourcecode.swift; path = WeatherData.swift; sourceTree = "<group>"; };
		EDF11FC22BABC14900554B42 /* DetailsView.swift */ = {isa = PBXFileReference; lastKnownFileType = sourcecode.swift; path = DetailsView.swift; sourceTree = "<group>"; };
		EDF11FC42BABC15B00554B42 /* DetailsViewModel.swift */ = {isa = PBXFileReference; lastKnownFileType = sourcecode.swift; path = DetailsViewModel.swift; sourceTree = "<group>"; };
		EDF11FC62BABC74C00554B42 /* WeatherDescriptionView.swift */ = {isa = PBXFileReference; lastKnownFileType = sourcecode.swift; path = WeatherDescriptionView.swift; sourceTree = "<group>"; };
		EDF11FC92BABE7F400554B42 /* AppContext.swift */ = {isa = PBXFileReference; lastKnownFileType = sourcecode.swift; path = AppContext.swift; sourceTree = "<group>"; };
		EDF11FCB2BABE8FE00554B42 /* StartViewModel+Composition.swift */ = {isa = PBXFileReference; lastKnownFileType = sourcecode.swift; path = "StartViewModel+Composition.swift"; sourceTree = "<group>"; };
		EDF11FCD2BABEAF100554B42 /* DetailsViewModel+Composition.swift */ = {isa = PBXFileReference; lastKnownFileType = sourcecode.swift; path = "DetailsViewModel+Composition.swift"; sourceTree = "<group>"; };
/* End PBXFileReference section */

/* Begin PBXFrameworksBuildPhase section */
		EDF11F902BAB755900554B42 /* Frameworks */ = {
			isa = PBXFrameworksBuildPhase;
			buildActionMask = 2147483647;
			files = (
			);
			runOnlyForDeploymentPostprocessing = 0;
		};
/* End PBXFrameworksBuildPhase section */

/* Begin PBXGroup section */
		EDF11F8A2BAB755900554B42 = {
			isa = PBXGroup;
			children = (
				EDF11F952BAB755900554B42 /* TestWeather */,
				EDF11F942BAB755900554B42 /* Products */,
			);
			sourceTree = "<group>";
		};
		EDF11F942BAB755900554B42 /* Products */ = {
			isa = PBXGroup;
			children = (
				EDF11F932BAB755900554B42 /* TestWeather.app */,
			);
			name = Products;
			sourceTree = "<group>";
		};
		EDF11F952BAB755900554B42 /* TestWeather */ = {
			isa = PBXGroup;
			children = (
				EDF11FBD2BABB09300554B42 /* Models */,
				EDF11FB92BAB8C2100554B42 /* Views */,
				EDF11FB02BAB815F00554B42 /* Library */,
				EDF11FAB2BAB78FD00554B42 /* Services */,
				EDF11FA42BAB766E00554B42 /* Modules */,
				EDF11F962BAB755900554B42 /* TestWeatherApp.swift */,
				EDF11F9A2BAB755D00554B42 /* Assets.xcassets */,
				EDF11F9C2BAB755D00554B42 /* Preview Content */,
			);
			path = TestWeather;
			sourceTree = "<group>";
		};
		EDF11F9C2BAB755D00554B42 /* Preview Content */ = {
			isa = PBXGroup;
			children = (
				EDF11F9D2BAB755D00554B42 /* Preview Assets.xcassets */,
			);
			path = "Preview Content";
			sourceTree = "<group>";
		};
		EDF11FA42BAB766E00554B42 /* Modules */ = {
			isa = PBXGroup;
			children = (
				EDF11FC82BABE6B400554B42 /* App */,
				EDF11FAA2BAB78F000554B42 /* Details */,
				EDF11FA92BAB78E500554B42 /* Start */,
			);
			path = Modules;
			sourceTree = "<group>";
		};
		EDF11FA92BAB78E500554B42 /* Start */ = {
			isa = PBXGroup;
			children = (
				EDF11FA52BAB768700554B42 /* StartView.swift */,
				EDF11FA72BAB76A800554B42 /* StartViewModel.swift */,
				EDF11FCB2BABE8FE00554B42 /* StartViewModel+Composition.swift */,
			);
			path = Start;
			sourceTree = "<group>";
		};
		EDF11FAA2BAB78F000554B42 /* Details */ = {
			isa = PBXGroup;
			children = (
				EDF11FC22BABC14900554B42 /* DetailsView.swift */,
				EDF11FC42BABC15B00554B42 /* DetailsViewModel.swift */,
				EDF11FCD2BABEAF100554B42 /* DetailsViewModel+Composition.swift */,
			);
			path = Details;
			sourceTree = "<group>";
		};
		EDF11FAB2BAB78FD00554B42 /* Services */ = {
			isa = PBXGroup;
			children = (
				EDF11FAE2BAB7F5100554B42 /* LocationSearcher.swift */,
				EDF11FBE2BABB4AA00554B42 /* WeatherFetcher.swift */,
			);
			path = Services;
			sourceTree = "<group>";
		};
		EDF11FB02BAB815F00554B42 /* Library */ = {
			isa = PBXGroup;
			children = (
				EDF11FB12BAB817400554B42 /* GenericAPI.swift */,
				EDF11FB32BAB819A00554B42 /* APIError.swift */,
				EDF11FB52BAB820800554B42 /* Fetcher.swift */,
			);
			path = Library;
			sourceTree = "<group>";
		};
		EDF11FB92BAB8C2100554B42 /* Views */ = {
			isa = PBXGroup;
			children = (
				EDF11FBA2BAB8C3400554B42 /* LoadingView.swift */,
				EDF11FC62BABC74C00554B42 /* WeatherDescriptionView.swift */,
			);
			path = Views;
			sourceTree = "<group>";
		};
		EDF11FBD2BABB09300554B42 /* Models */ = {
			isa = PBXGroup;
			children = (
				EDF11FB72BAB836500554B42 /* Location.swift */,
				EDF11FC02BABB50A00554B42 /* WeatherData.swift */,
			);
			path = Models;
			sourceTree = "<group>";
		};
		EDF11FC82BABE6B400554B42 /* App */ = {
			isa = PBXGroup;
			children = (
				EDF11FAC2BAB7D8E00554B42 /* Constants.swift */,
				EDF11FC92BABE7F400554B42 /* AppContext.swift */,
			);
			path = App;
			sourceTree = "<group>";
		};
/* End PBXGroup section */

/* Begin PBXNativeTarget section */
		EDF11F922BAB755900554B42 /* TestWeather */ = {
			isa = PBXNativeTarget;
			buildConfigurationList = EDF11FA12BAB755D00554B42 /* Build configuration list for PBXNativeTarget "TestWeather" */;
			buildPhases = (
				EDF11F8F2BAB755900554B42 /* Sources */,
				EDF11F902BAB755900554B42 /* Frameworks */,
				EDF11F912BAB755900554B42 /* Resources */,
			);
			buildRules = (
			);
			dependencies = (
			);
			name = TestWeather;
			productName = TestWeather;
			productReference = EDF11F932BAB755900554B42 /* TestWeather.app */;
			productType = "com.apple.product-type.application";
		};
/* End PBXNativeTarget section */

/* Begin PBXProject section */
		EDF11F8B2BAB755900554B42 /* Project object */ = {
			isa = PBXProject;
			attributes = {
				BuildIndependentTargetsInParallel = 1;
				LastSwiftUpdateCheck = 1520;
				LastUpgradeCheck = 1520;
				TargetAttributes = {
					EDF11F922BAB755900554B42 = {
						CreatedOnToolsVersion = 15.2;
					};
				};
			};
			buildConfigurationList = EDF11F8E2BAB755900554B42 /* Build configuration list for PBXProject "TestWeather" */;
			compatibilityVersion = "Xcode 14.0";
			developmentRegion = en;
			hasScannedForEncodings = 0;
			knownRegions = (
				en,
				Base,
			);
			mainGroup = EDF11F8A2BAB755900554B42;
			productRefGroup = EDF11F942BAB755900554B42 /* Products */;
			projectDirPath = "";
			projectRoot = "";
			targets = (
				EDF11F922BAB755900554B42 /* TestWeather */,
			);
		};
/* End PBXProject section */

/* Begin PBXResourcesBuildPhase section */
		EDF11F912BAB755900554B42 /* Resources */ = {
			isa = PBXResourcesBuildPhase;
			buildActionMask = 2147483647;
			files = (
				EDF11F9E2BAB755D00554B42 /* Preview Assets.xcassets in Resources */,
				EDF11F9B2BAB755D00554B42 /* Assets.xcassets in Resources */,
			);
			runOnlyForDeploymentPostprocessing = 0;
		};
/* End PBXResourcesBuildPhase section */

/* Begin PBXSourcesBuildPhase section */
		EDF11F8F2BAB755900554B42 /* Sources */ = {
			isa = PBXSourcesBuildPhase;
			buildActionMask = 2147483647;
			files = (
				EDF11FAF2BAB7F5100554B42 /* LocationSearcher.swift in Sources */,
				EDF11FCA2BABE7F400554B42 /* AppContext.swift in Sources */,
				EDF11FCE2BABEAF100554B42 /* DetailsViewModel+Composition.swift in Sources */,
				EDF11FB62BAB820800554B42 /* Fetcher.swift in Sources */,
				EDF11FA62BAB768700554B42 /* StartView.swift in Sources */,
				EDF11FCC2BABE8FE00554B42 /* StartViewModel+Composition.swift in Sources */,
				EDF11FBB2BAB8C3400554B42 /* LoadingView.swift in Sources */,
				EDF11FB22BAB817400554B42 /* GenericAPI.swift in Sources */,
				EDF11FBF2BABB4AA00554B42 /* WeatherFetcher.swift in Sources */,
				EDF11FC32BABC14900554B42 /* DetailsView.swift in Sources */,
				EDF11FB82BAB836500554B42 /* Location.swift in Sources */,
				EDF11FA82BAB76A800554B42 /* StartViewModel.swift in Sources */,
				EDF11F972BAB755900554B42 /* TestWeatherApp.swift in Sources */,
				EDF11FAD2BAB7D8E00554B42 /* Constants.swift in Sources */,
				EDF11FC52BABC15B00554B42 /* DetailsViewModel.swift in Sources */,
				EDF11FC12BABB50A00554B42 /* WeatherData.swift in Sources */,
				EDF11FB42BAB819A00554B42 /* APIError.swift in Sources */,
				EDF11FC72BABC74C00554B42 /* WeatherDescriptionView.swift in Sources */,
			);
			runOnlyForDeploymentPostprocessing = 0;
		};
/* End PBXSourcesBuildPhase section */

/* Begin XCBuildConfiguration section */
		EDF11F9F2BAB755D00554B42 /* Debug */ = {
			isa = XCBuildConfiguration;
			buildSettings = {
				ALWAYS_SEARCH_USER_PATHS = NO;
				ASSETCATALOG_COMPILER_GENERATE_SWIFT_ASSET_SYMBOL_EXTENSIONS = YES;
				CLANG_ANALYZER_NONNULL = YES;
				CLANG_ANALYZER_NUMBER_OBJECT_CONVERSION = YES_AGGRESSIVE;
				CLANG_CXX_LANGUAGE_STANDARD = "gnu++20";
				CLANG_ENABLE_MODULES = YES;
				CLANG_ENABLE_OBJC_ARC = YES;
				CLANG_ENABLE_OBJC_WEAK = YES;
				CLANG_WARN_BLOCK_CAPTURE_AUTORELEASING = YES;
				CLANG_WARN_BOOL_CONVERSION = YES;
				CLANG_WARN_COMMA = YES;
				CLANG_WARN_CONSTANT_CONVERSION = YES;
				CLANG_WARN_DEPRECATED_OBJC_IMPLEMENTATIONS = YES;
				CLANG_WARN_DIRECT_OBJC_ISA_USAGE = YES_ERROR;
				CLANG_WARN_DOCUMENTATION_COMMENTS = YES;
				CLANG_WARN_EMPTY_BODY = YES;
				CLANG_WARN_ENUM_CONVERSION = YES;
				CLANG_WARN_INFINITE_RECURSION = YES;
				CLANG_WARN_INT_CONVERSION = YES;
				CLANG_WARN_NON_LITERAL_NULL_CONVERSION = YES;
				CLANG_WARN_OBJC_IMPLICIT_RETAIN_SELF = YES;
				CLANG_WARN_OBJC_LITERAL_CONVERSION = YES;
				CLANG_WARN_OBJC_ROOT_CLASS = YES_ERROR;
				CLANG_WARN_QUOTED_INCLUDE_IN_FRAMEWORK_HEADER = YES;
				CLANG_WARN_RANGE_LOOP_ANALYSIS = YES;
				CLANG_WARN_STRICT_PROTOTYPES = YES;
				CLANG_WARN_SUSPICIOUS_MOVE = YES;
				CLANG_WARN_UNGUARDED_AVAILABILITY = YES_AGGRESSIVE;
				CLANG_WARN_UNREACHABLE_CODE = YES;
				CLANG_WARN__DUPLICATE_METHOD_MATCH = YES;
				COPY_PHASE_STRIP = NO;
				DEBUG_INFORMATION_FORMAT = dwarf;
				ENABLE_STRICT_OBJC_MSGSEND = YES;
				ENABLE_TESTABILITY = YES;
				ENABLE_USER_SCRIPT_SANDBOXING = YES;
				GCC_C_LANGUAGE_STANDARD = gnu17;
				GCC_DYNAMIC_NO_PIC = NO;
				GCC_NO_COMMON_BLOCKS = YES;
				GCC_OPTIMIZATION_LEVEL = 0;
				GCC_PREPROCESSOR_DEFINITIONS = (
					"DEBUG=1",
					"$(inherited)",
				);
				GCC_WARN_64_TO_32_BIT_CONVERSION = YES;
				GCC_WARN_ABOUT_RETURN_TYPE = YES_ERROR;
				GCC_WARN_UNDECLARED_SELECTOR = YES;
				GCC_WARN_UNINITIALIZED_AUTOS = YES_AGGRESSIVE;
				GCC_WARN_UNUSED_FUNCTION = YES;
				GCC_WARN_UNUSED_VARIABLE = YES;
				IPHONEOS_DEPLOYMENT_TARGET = 17.2;
				LOCALIZATION_PREFERS_STRING_CATALOGS = YES;
				MTL_ENABLE_DEBUG_INFO = INCLUDE_SOURCE;
				MTL_FAST_MATH = YES;
				ONLY_ACTIVE_ARCH = YES;
				SDKROOT = iphoneos;
				SWIFT_ACTIVE_COMPILATION_CONDITIONS = "DEBUG $(inherited)";
				SWIFT_OPTIMIZATION_LEVEL = "-Onone";
			};
			name = Debug;
		};
		EDF11FA02BAB755D00554B42 /* Release */ = {
			isa = XCBuildConfiguration;
			buildSettings = {
				ALWAYS_SEARCH_USER_PATHS = NO;
				ASSETCATALOG_COMPILER_GENERATE_SWIFT_ASSET_SYMBOL_EXTENSIONS = YES;
				CLANG_ANALYZER_NONNULL = YES;
				CLANG_ANALYZER_NUMBER_OBJECT_CONVERSION = YES_AGGRESSIVE;
				CLANG_CXX_LANGUAGE_STANDARD = "gnu++20";
				CLANG_ENABLE_MODULES = YES;
				CLANG_ENABLE_OBJC_ARC = YES;
				CLANG_ENABLE_OBJC_WEAK = YES;
				CLANG_WARN_BLOCK_CAPTURE_AUTORELEASING = YES;
				CLANG_WARN_BOOL_CONVERSION = YES;
				CLANG_WARN_COMMA = YES;
				CLANG_WARN_CONSTANT_CONVERSION = YES;
				CLANG_WARN_DEPRECATED_OBJC_IMPLEMENTATIONS = YES;
				CLANG_WARN_DIRECT_OBJC_ISA_USAGE = YES_ERROR;
				CLANG_WARN_DOCUMENTATION_COMMENTS = YES;
				CLANG_WARN_EMPTY_BODY = YES;
				CLANG_WARN_ENUM_CONVERSION = YES;
				CLANG_WARN_INFINITE_RECURSION = YES;
				CLANG_WARN_INT_CONVERSION = YES;
				CLANG_WARN_NON_LITERAL_NULL_CONVERSION = YES;
				CLANG_WARN_OBJC_IMPLICIT_RETAIN_SELF = YES;
				CLANG_WARN_OBJC_LITERAL_CONVERSION = YES;
				CLANG_WARN_OBJC_ROOT_CLASS = YES_ERROR;
				CLANG_WARN_QUOTED_INCLUDE_IN_FRAMEWORK_HEADER = YES;
				CLANG_WARN_RANGE_LOOP_ANALYSIS = YES;
				CLANG_WARN_STRICT_PROTOTYPES = YES;
				CLANG_WARN_SUSPICIOUS_MOVE = YES;
				CLANG_WARN_UNGUARDED_AVAILABILITY = YES_AGGRESSIVE;
				CLANG_WARN_UNREACHABLE_CODE = YES;
				CLANG_WARN__DUPLICATE_METHOD_MATCH = YES;
				COPY_PHASE_STRIP = NO;
				DEBUG_INFORMATION_FORMAT = "dwarf-with-dsym";
				ENABLE_NS_ASSERTIONS = NO;
				ENABLE_STRICT_OBJC_MSGSEND = YES;
				ENABLE_USER_SCRIPT_SANDBOXING = YES;
				GCC_C_LANGUAGE_STANDARD = gnu17;
				GCC_NO_COMMON_BLOCKS = YES;
				GCC_WARN_64_TO_32_BIT_CONVERSION = YES;
				GCC_WARN_ABOUT_RETURN_TYPE = YES_ERROR;
				GCC_WARN_UNDECLARED_SELECTOR = YES;
				GCC_WARN_UNINITIALIZED_AUTOS = YES_AGGRESSIVE;
				GCC_WARN_UNUSED_FUNCTION = YES;
				GCC_WARN_UNUSED_VARIABLE = YES;
				IPHONEOS_DEPLOYMENT_TARGET = 17.2;
				LOCALIZATION_PREFERS_STRING_CATALOGS = YES;
				MTL_ENABLE_DEBUG_INFO = NO;
				MTL_FAST_MATH = YES;
				SDKROOT = iphoneos;
				SWIFT_COMPILATION_MODE = wholemodule;
				VALIDATE_PRODUCT = YES;
			};
			name = Release;
		};
		EDF11FA22BAB755D00554B42 /* Debug */ = {
			isa = XCBuildConfiguration;
			buildSettings = {
				ASSETCATALOG_COMPILER_APPICON_NAME = AppIcon;
				ASSETCATALOG_COMPILER_GLOBAL_ACCENT_COLOR_NAME = AccentColor;
				CODE_SIGN_STYLE = Automatic;
				CURRENT_PROJECT_VERSION = 1;
				DEVELOPMENT_ASSET_PATHS = "\"TestWeather/Preview Content\"";
				DEVELOPMENT_TEAM = LFCFCWJ9FC;
				ENABLE_PREVIEWS = YES;
				GENERATE_INFOPLIST_FILE = YES;
				INFOPLIST_KEY_UIApplicationSceneManifest_Generation = YES;
				INFOPLIST_KEY_UIApplicationSupportsIndirectInputEvents = YES;
				INFOPLIST_KEY_UILaunchScreen_Generation = YES;
				INFOPLIST_KEY_UISupportedInterfaceOrientations_iPad = "UIInterfaceOrientationPortrait UIInterfaceOrientationPortraitUpsideDown UIInterfaceOrientationLandscapeLeft UIInterfaceOrientationLandscapeRight";
				INFOPLIST_KEY_UISupportedInterfaceOrientations_iPhone = "UIInterfaceOrientationPortrait UIInterfaceOrientationLandscapeLeft UIInterfaceOrientationLandscapeRight";
				IPHONEOS_DEPLOYMENT_TARGET = 16.0;
				LD_RUNPATH_SEARCH_PATHS = (
					"$(inherited)",
					"@executable_path/Frameworks",
				);
				MARKETING_VERSION = 1.0;
				PRODUCT_BUNDLE_IDENTIFIER = test.TestWeather;
				PRODUCT_NAME = "$(TARGET_NAME)";
				SWIFT_EMIT_LOC_STRINGS = YES;
				SWIFT_VERSION = 5.0;
				TARGETED_DEVICE_FAMILY = "1,2";
			};
			name = Debug;
		};
		EDF11FA32BAB755D00554B42 /* Release */ = {
			isa = XCBuildConfiguration;
			buildSettings = {
				ASSETCATALOG_COMPILER_APPICON_NAME = AppIcon;
				ASSETCATALOG_COMPILER_GLOBAL_ACCENT_COLOR_NAME = AccentColor;
				CODE_SIGN_STYLE = Automatic;
				CURRENT_PROJECT_VERSION = 1;
				DEVELOPMENT_ASSET_PATHS = "\"TestWeather/Preview Content\"";
				DEVELOPMENT_TEAM = LFCFCWJ9FC;
				ENABLE_PREVIEWS = YES;
				GENERATE_INFOPLIST_FILE = YES;
				INFOPLIST_KEY_UIApplicationSceneManifest_Generation = YES;
				INFOPLIST_KEY_UIApplicationSupportsIndirectInputEvents = YES;
				INFOPLIST_KEY_UILaunchScreen_Generation = YES;
				INFOPLIST_KEY_UISupportedInterfaceOrientations_iPad = "UIInterfaceOrientationPortrait UIInterfaceOrientationPortraitUpsideDown UIInterfaceOrientationLandscapeLeft UIInterfaceOrientationLandscapeRight";
				INFOPLIST_KEY_UISupportedInterfaceOrientations_iPhone = "UIInterfaceOrientationPortrait UIInterfaceOrientationLandscapeLeft UIInterfaceOrientationLandscapeRight";
				IPHONEOS_DEPLOYMENT_TARGET = 16.0;
				LD_RUNPATH_SEARCH_PATHS = (
					"$(inherited)",
					"@executable_path/Frameworks",
				);
				MARKETING_VERSION = 1.0;
				PRODUCT_BUNDLE_IDENTIFIER = test.TestWeather;
				PRODUCT_NAME = "$(TARGET_NAME)";
				SWIFT_EMIT_LOC_STRINGS = YES;
				SWIFT_VERSION = 5.0;
				TARGETED_DEVICE_FAMILY = "1,2";
			};
			name = Release;
		};
/* End XCBuildConfiguration section */

/* Begin XCConfigurationList section */
		EDF11F8E2BAB755900554B42 /* Build configuration list for PBXProject "TestWeather" */ = {
			isa = XCConfigurationList;
			buildConfigurations = (
				EDF11F9F2BAB755D00554B42 /* Debug */,
				EDF11FA02BAB755D00554B42 /* Release */,
			);
			defaultConfigurationIsVisible = 0;
			defaultConfigurationName = Release;
		};
		EDF11FA12BAB755D00554B42 /* Build configuration list for PBXNativeTarget "TestWeather" */ = {
			isa = XCConfigurationList;
			buildConfigurations = (
				EDF11FA22BAB755D00554B42 /* Debug */,
				EDF11FA32BAB755D00554B42 /* Release */,
			);
			defaultConfigurationIsVisible = 0;
			defaultConfigurationName = Release;
		};
/* End XCConfigurationList section */
	};
	rootObject = EDF11F8B2BAB755900554B42 /* Project object */;
}
